
Microsoft Visual Studio Solution File, Format Version 12.00
# Visual Studio Version 16
VisualStudioVersion = 16.0.31313.79
MinimumVisualStudioVersion = 10.0.40219.1
Project("{FAE04EC0-301F-11D3-BF4B-00C04F79EFBC}") = "Vrunda_Patel_lab8", "Vrunda_Patel_lab8\Vrunda_Patel_lab8.csproj", "{56F5D3B6-BD17-464F-88D7-DB06D4259F40}"
EndProject
Global
	GlobalSection(SolutionConfigurationPlatforms) = preSolution
		Debug|Any CPU = Debug|Any CPU
		Release|Any CPU = Release|Any CPU
	EndGlobalSection
	GlobalSection(ProjectConfigurationPlatforms) = postSolution
		{56F5D3B6-BD17-464F-88D7-DB06D4259F40}.Debug|Any CPU.ActiveCfg = Debug|Any CPU
		{56F5D3B6-BD17-464F-88D7-DB06D4259F40}.Debug|Any CPU.Build.0 = Debug|Any CPU
		{56F5D3B6-BD17-464F-88D7-DB06D4259F40}.Release|Any CPU.ActiveCfg = Release|Any CPU
		{56F5D3B6-BD17-464F-88D7-DB06D4259F40}.Release|Any CPU.Build.0 = Release|Any CPU
	EndGlobalSection
	GlobalSection(SolutionProperties) = preSolution
		HideSolutionNode = FALSE
	EndGlobalSection
	GlobalSection(ExtensibilityGlobals) = postSolution
		SolutionGuid = {6C8D3306-2FB8-4910-8382-FACAF9E4EE9D}
	EndGlobalSection
EndGlobal
